// !$*UTF8*$!
{
	archiveVersion = 1;
	classes = {
	};
	objectVersion = 56;
	objects = {

/* Begin PBXBuildFile section */
		400DC06F2A839422000349E3 /* WhenIChangedApp.swift in Sources */ = {isa = PBXBuildFile; fileRef = 400DC06E2A839422000349E3 /* WhenIChangedApp.swift */; };
		400DC0712A839422000349E3 /* ContentView.swift in Sources */ = {isa = PBXBuildFile; fileRef = 400DC0702A839422000349E3 /* ContentView.swift */; };
		400DC0732A839424000349E3 /* Assets.xcassets in Resources */ = {isa = PBXBuildFile; fileRef = 400DC0722A839424000349E3 /* Assets.xcassets */; };
		400DC0762A839424000349E3 /* Preview Assets.xcassets in Resources */ = {isa = PBXBuildFile; fileRef = 400DC0752A839424000349E3 /* Preview Assets.xcassets */; };
		400DC0802A839425000349E3 /* WhenIChangedTests.swift in Sources */ = {isa = PBXBuildFile; fileRef = 400DC07F2A839425000349E3 /* WhenIChangedTests.swift */; };
		400DC08A2A839425000349E3 /* WhenIChangedUITests.swift in Sources */ = {isa = PBXBuildFile; fileRef = 400DC0892A839425000349E3 /* WhenIChangedUITests.swift */; };
		400DC08C2A839425000349E3 /* WhenIChangedUITestsLaunchTests.swift in Sources */ = {isa = PBXBuildFile; fileRef = 400DC08B2A839425000349E3 /* WhenIChangedUITestsLaunchTests.swift */; };
		400DC09E2A8398E6000349E3 /* SettingsView.swift in Sources */ = {isa = PBXBuildFile; fileRef = 400DC09D2A8398E6000349E3 /* SettingsView.swift */; };
		400DC0A12A8399E0000349E3 /* Card.swift in Sources */ = {isa = PBXBuildFile; fileRef = 400DC0A02A8399E0000349E3 /* Card.swift */; };
		4023230C2B28C873009938E3 /* DevHelper.swift in Sources */ = {isa = PBXBuildFile; fileRef = 4023230B2B28C872009938E3 /* DevHelper.swift */; };
		402A1F342B0E24A700678C3A /* ActiveHabitViewModel.swift in Sources */ = {isa = PBXBuildFile; fileRef = 402A1F332B0E24A700678C3A /* ActiveHabitViewModel.swift */; };
		402A1F362B0E4EC600678C3A /* ActiveHabitDetailView.swift in Sources */ = {isa = PBXBuildFile; fileRef = 402A1F352B0E4EC600678C3A /* ActiveHabitDetailView.swift */; };
		4038B9982A84DA0D008E17C7 /* PassivDetailAndEditView.swift in Sources */ = {isa = PBXBuildFile; fileRef = 4038B9972A84DA0D008E17C7 /* PassivDetailAndEditView.swift */; };
		406E08502B06362600BCB4EE /* AddDayReminderView.swift in Sources */ = {isa = PBXBuildFile; fileRef = 406E084F2B06362600BCB4EE /* AddDayReminderView.swift */; };
		406E08522B066F9200BCB4EE /* ActiveHabit-CoreDataHelper.swift in Sources */ = {isa = PBXBuildFile; fileRef = 406E08512B066F9200BCB4EE /* ActiveHabit-CoreDataHelper.swift */; };
		407198CC2B1DE66C00C095BD /* RoundProgressBar.swift in Sources */ = {isa = PBXBuildFile; fileRef = 407198CB2B1DE66C00C095BD /* RoundProgressBar.swift */; };
		408CAA052B20799C007A0957 /* CalendarView.swift in Sources */ = {isa = PBXBuildFile; fileRef = 408CAA042B20799C007A0957 /* CalendarView.swift */; };
		408CAA072B207A0E007A0957 /* CalendarCell.swift in Sources */ = {isa = PBXBuildFile; fileRef = 408CAA062B207A0E007A0957 /* CalendarCell.swift */; };
		408CAA092B207A35007A0957 /* MonthStruct.swift in Sources */ = {isa = PBXBuildFile; fileRef = 408CAA082B207A35007A0957 /* MonthStruct.swift */; };
		408CAA0B2B207A86007A0957 /* CalendarHelper.swift in Sources */ = {isa = PBXBuildFile; fileRef = 408CAA0A2B207A86007A0957 /* CalendarHelper.swift */; };
		40932D8B2B04B9EA00F44929 /* View+Ext.swift in Sources */ = {isa = PBXBuildFile; fileRef = 40932D8A2B04B9EA00F44929 /* View+Ext.swift */; };
		40A3DD522AFE40E200F32C66 /* PastRestes-CoreDataHelper.swift in Sources */ = {isa = PBXBuildFile; fileRef = 40A3DD512AFE40E200F32C66 /* PastRestes-CoreDataHelper.swift */; };
		40A3DD542AFE4D6300F32C66 /* DateHelper.swift in Sources */ = {isa = PBXBuildFile; fileRef = 40A3DD532AFE4D6300F32C66 /* DateHelper.swift */; };
		40A79AFB2AFBBA67006A56F5 /* HomePassivHabitView.swift in Sources */ = {isa = PBXBuildFile; fileRef = 40A79AFA2AFBBA67006A56F5 /* HomePassivHabitView.swift */; };
		40A79AFD2AFBC241006A56F5 /* PassivHabitAddView.swift in Sources */ = {isa = PBXBuildFile; fileRef = 40A79AFC2AFBC241006A56F5 /* PassivHabitAddView.swift */; };
		40A79AFF2AFBEC65006A56F5 /* PassivViewModel.swift in Sources */ = {isa = PBXBuildFile; fileRef = 40A79AFE2AFBEC65006A56F5 /* PassivViewModel.swift */; };
		40B819442B060D610014A8DF /* AddWeekReminderView.swift in Sources */ = {isa = PBXBuildFile; fileRef = 40B819432B060D610014A8DF /* AddWeekReminderView.swift */; };
		40C32C6D2AFD1677003F9637 /* PassivHabit-CoreDataHelper.swift in Sources */ = {isa = PBXBuildFile; fileRef = 40C32C6C2AFD1677003F9637 /* PassivHabit-CoreDataHelper.swift */; };
		40CD3FF62B04032E00DA3780 /* ToolbarAddHabitButton.swift in Sources */ = {isa = PBXBuildFile; fileRef = 40CD3FF52B04032E00DA3780 /* ToolbarAddHabitButton.swift */; };
		40D211DF2B0127710054A8B8 /* ActiveHabitView.swift in Sources */ = {isa = PBXBuildFile; fileRef = 40D211DE2B0127710054A8B8 /* ActiveHabitView.swift */; };
		40DD88DF2B1F1EC1001A515A /* DateScrollView.swift in Sources */ = {isa = PBXBuildFile; fileRef = 40DD88DE2B1F1EC1001A515A /* DateScrollView.swift */; };
		40EBD0B62B036889000F4C12 /* ActiveHabitAddView.swift in Sources */ = {isa = PBXBuildFile; fileRef = 40EBD0B52B036889000F4C12 /* ActiveHabitAddView.swift */; };
		40EBD0BB2B03791A000F4C12 /* PassivDetailAndEditViewModel.swift in Sources */ = {isa = PBXBuildFile; fileRef = 40EBD0BA2B03791A000F4C12 /* PassivDetailAndEditViewModel.swift */; };
		40EBD0BD2B039192000F4C12 /* PastResetsView.swift in Sources */ = {isa = PBXBuildFile; fileRef = 40EBD0BC2B039192000F4C12 /* PastResetsView.swift */; };
		40FA54E22AFCDFC6000B0E83 /* Model.xcdatamodeld in Sources */ = {isa = PBXBuildFile; fileRef = 40FA54E02AFCDFC6000B0E83 /* Model.xcdatamodeld */; };
		40FA54E42AFCDFF7000B0E83 /* StorageProvider.swift in Sources */ = {isa = PBXBuildFile; fileRef = 40FA54E32AFCDFF7000B0E83 /* StorageProvider.swift */; };
		40FA54F22AFD0288000B0E83 /* ColorHelper.swift in Sources */ = {isa = PBXBuildFile; fileRef = 40FA54F12AFD0288000B0E83 /* ColorHelper.swift */; };
/* End PBXBuildFile section */

/* Begin PBXContainerItemProxy section */
		400DC07C2A839425000349E3 /* PBXContainerItemProxy */ = {
			isa = PBXContainerItemProxy;
			containerPortal = 400DC0632A839422000349E3 /* Project object */;
			proxyType = 1;
			remoteGlobalIDString = 400DC06A2A839422000349E3;
			remoteInfo = WhenIChanged;
		};
		400DC0862A839425000349E3 /* PBXContainerItemProxy */ = {
			isa = PBXContainerItemProxy;
			containerPortal = 400DC0632A839422000349E3 /* Project object */;
			proxyType = 1;
			remoteGlobalIDString = 400DC06A2A839422000349E3;
			remoteInfo = WhenIChanged;
		};
/* End PBXContainerItemProxy section */

/* Begin PBXFileReference section */
		400DC06B2A839422000349E3 /* WhenIChanged.app */ = {isa = PBXFileReference; explicitFileType = wrapper.application; includeInIndex = 0; path = WhenIChanged.app; sourceTree = BUILT_PRODUCTS_DIR; };
		400DC06E2A839422000349E3 /* WhenIChangedApp.swift */ = {isa = PBXFileReference; lastKnownFileType = sourcecode.swift; path = WhenIChangedApp.swift; sourceTree = "<group>"; };
		400DC0702A839422000349E3 /* ContentView.swift */ = {isa = PBXFileReference; lastKnownFileType = sourcecode.swift; path = ContentView.swift; sourceTree = "<group>"; };
		400DC0722A839424000349E3 /* Assets.xcassets */ = {isa = PBXFileReference; lastKnownFileType = folder.assetcatalog; path = Assets.xcassets; sourceTree = "<group>"; };
		400DC0752A839424000349E3 /* Preview Assets.xcassets */ = {isa = PBXFileReference; lastKnownFileType = folder.assetcatalog; path = "Preview Assets.xcassets"; sourceTree = "<group>"; };
		400DC07B2A839425000349E3 /* WhenIChangedTests.xctest */ = {isa = PBXFileReference; explicitFileType = wrapper.cfbundle; includeInIndex = 0; path = WhenIChangedTests.xctest; sourceTree = BUILT_PRODUCTS_DIR; };
		400DC07F2A839425000349E3 /* WhenIChangedTests.swift */ = {isa = PBXFileReference; lastKnownFileType = sourcecode.swift; path = WhenIChangedTests.swift; sourceTree = "<group>"; };
		400DC0852A839425000349E3 /* WhenIChangedUITests.xctest */ = {isa = PBXFileReference; explicitFileType = wrapper.cfbundle; includeInIndex = 0; path = WhenIChangedUITests.xctest; sourceTree = BUILT_PRODUCTS_DIR; };
		400DC0892A839425000349E3 /* WhenIChangedUITests.swift */ = {isa = PBXFileReference; lastKnownFileType = sourcecode.swift; path = WhenIChangedUITests.swift; sourceTree = "<group>"; };
		400DC08B2A839425000349E3 /* WhenIChangedUITestsLaunchTests.swift */ = {isa = PBXFileReference; lastKnownFileType = sourcecode.swift; path = WhenIChangedUITestsLaunchTests.swift; sourceTree = "<group>"; };
		400DC09D2A8398E6000349E3 /* SettingsView.swift */ = {isa = PBXFileReference; lastKnownFileType = sourcecode.swift; path = SettingsView.swift; sourceTree = "<group>"; };
		400DC0A02A8399E0000349E3 /* Card.swift */ = {isa = PBXFileReference; lastKnownFileType = sourcecode.swift; path = Card.swift; sourceTree = "<group>"; };
		4023230B2B28C872009938E3 /* DevHelper.swift */ = {isa = PBXFileReference; lastKnownFileType = sourcecode.swift; path = DevHelper.swift; sourceTree = "<group>"; };
		402A1F332B0E24A700678C3A /* ActiveHabitViewModel.swift */ = {isa = PBXFileReference; lastKnownFileType = sourcecode.swift; path = ActiveHabitViewModel.swift; sourceTree = "<group>"; };
		402A1F352B0E4EC600678C3A /* ActiveHabitDetailView.swift */ = {isa = PBXFileReference; lastKnownFileType = sourcecode.swift; path = ActiveHabitDetailView.swift; sourceTree = "<group>"; };
		4038B9972A84DA0D008E17C7 /* PassivDetailAndEditView.swift */ = {isa = PBXFileReference; lastKnownFileType = sourcecode.swift; path = PassivDetailAndEditView.swift; sourceTree = "<group>"; };
		406E084F2B06362600BCB4EE /* AddDayReminderView.swift */ = {isa = PBXFileReference; lastKnownFileType = sourcecode.swift; path = AddDayReminderView.swift; sourceTree = "<group>"; };
		406E08512B066F9200BCB4EE /* ActiveHabit-CoreDataHelper.swift */ = {isa = PBXFileReference; lastKnownFileType = sourcecode.swift; path = "ActiveHabit-CoreDataHelper.swift"; sourceTree = "<group>"; };
		407198CB2B1DE66C00C095BD /* RoundProgressBar.swift */ = {isa = PBXFileReference; lastKnownFileType = sourcecode.swift; path = RoundProgressBar.swift; sourceTree = "<group>"; };
		408CAA042B20799C007A0957 /* CalendarView.swift */ = {isa = PBXFileReference; lastKnownFileType = sourcecode.swift; path = CalendarView.swift; sourceTree = "<group>"; };
		408CAA062B207A0E007A0957 /* CalendarCell.swift */ = {isa = PBXFileReference; lastKnownFileType = sourcecode.swift; path = CalendarCell.swift; sourceTree = "<group>"; };
		408CAA082B207A35007A0957 /* MonthStruct.swift */ = {isa = PBXFileReference; lastKnownFileType = sourcecode.swift; path = MonthStruct.swift; sourceTree = "<group>"; };
		408CAA0A2B207A86007A0957 /* CalendarHelper.swift */ = {isa = PBXFileReference; lastKnownFileType = sourcecode.swift; path = CalendarHelper.swift; sourceTree = "<group>"; };
		40932D8A2B04B9EA00F44929 /* View+Ext.swift */ = {isa = PBXFileReference; lastKnownFileType = sourcecode.swift; path = "View+Ext.swift"; sourceTree = "<group>"; };
		40A3DD512AFE40E200F32C66 /* PastRestes-CoreDataHelper.swift */ = {isa = PBXFileReference; lastKnownFileType = sourcecode.swift; path = "PastRestes-CoreDataHelper.swift"; sourceTree = "<group>"; };
		40A3DD532AFE4D6300F32C66 /* DateHelper.swift */ = {isa = PBXFileReference; lastKnownFileType = sourcecode.swift; path = DateHelper.swift; sourceTree = "<group>"; };
		40A79AFA2AFBBA67006A56F5 /* HomePassivHabitView.swift */ = {isa = PBXFileReference; lastKnownFileType = sourcecode.swift; path = HomePassivHabitView.swift; sourceTree = "<group>"; };
		40A79AFC2AFBC241006A56F5 /* PassivHabitAddView.swift */ = {isa = PBXFileReference; lastKnownFileType = sourcecode.swift; path = PassivHabitAddView.swift; sourceTree = "<group>"; };
		40A79AFE2AFBEC65006A56F5 /* PassivViewModel.swift */ = {isa = PBXFileReference; lastKnownFileType = sourcecode.swift; path = PassivViewModel.swift; sourceTree = "<group>"; };
		40B819432B060D610014A8DF /* AddWeekReminderView.swift */ = {isa = PBXFileReference; lastKnownFileType = sourcecode.swift; path = AddWeekReminderView.swift; sourceTree = "<group>"; };
		40C32C6C2AFD1677003F9637 /* PassivHabit-CoreDataHelper.swift */ = {isa = PBXFileReference; lastKnownFileType = sourcecode.swift; path = "PassivHabit-CoreDataHelper.swift"; sourceTree = "<group>"; };
		40CD3FF52B04032E00DA3780 /* ToolbarAddHabitButton.swift */ = {isa = PBXFileReference; lastKnownFileType = sourcecode.swift; path = ToolbarAddHabitButton.swift; sourceTree = "<group>"; };
		40D211DE2B0127710054A8B8 /* ActiveHabitView.swift */ = {isa = PBXFileReference; lastKnownFileType = sourcecode.swift; path = ActiveHabitView.swift; sourceTree = "<group>"; };
		40DD88DE2B1F1EC1001A515A /* DateScrollView.swift */ = {isa = PBXFileReference; lastKnownFileType = sourcecode.swift; path = DateScrollView.swift; sourceTree = "<group>"; };
		40EBD0B52B036889000F4C12 /* ActiveHabitAddView.swift */ = {isa = PBXFileReference; lastKnownFileType = sourcecode.swift; path = ActiveHabitAddView.swift; sourceTree = "<group>"; };
		40EBD0BA2B03791A000F4C12 /* PassivDetailAndEditViewModel.swift */ = {isa = PBXFileReference; lastKnownFileType = sourcecode.swift; path = PassivDetailAndEditViewModel.swift; sourceTree = "<group>"; };
		40EBD0BC2B039192000F4C12 /* PastResetsView.swift */ = {isa = PBXFileReference; lastKnownFileType = sourcecode.swift; path = PastResetsView.swift; sourceTree = "<group>"; };
		40FA54E12AFCDFC6000B0E83 /* Model.xcdatamodel */ = {isa = PBXFileReference; lastKnownFileType = wrapper.xcdatamodel; path = Model.xcdatamodel; sourceTree = "<group>"; };
		40FA54E32AFCDFF7000B0E83 /* StorageProvider.swift */ = {isa = PBXFileReference; lastKnownFileType = sourcecode.swift; path = StorageProvider.swift; sourceTree = "<group>"; };
		40FA54F12AFD0288000B0E83 /* ColorHelper.swift */ = {isa = PBXFileReference; lastKnownFileType = sourcecode.swift; path = ColorHelper.swift; sourceTree = "<group>"; };
/* End PBXFileReference section */

/* Begin PBXFrameworksBuildPhase section */
		400DC0682A839422000349E3 /* Frameworks */ = {
			isa = PBXFrameworksBuildPhase;
			buildActionMask = 2147483647;
			files = (
			);
			runOnlyForDeploymentPostprocessing = 0;
		};
		400DC0782A839425000349E3 /* Frameworks */ = {
			isa = PBXFrameworksBuildPhase;
			buildActionMask = 2147483647;
			files = (
			);
			runOnlyForDeploymentPostprocessing = 0;
		};
		400DC0822A839425000349E3 /* Frameworks */ = {
			isa = PBXFrameworksBuildPhase;
			buildActionMask = 2147483647;
			files = (
			);
			runOnlyForDeploymentPostprocessing = 0;
		};
/* End PBXFrameworksBuildPhase section */

/* Begin PBXGroup section */
		400DC0622A839422000349E3 = {
			isa = PBXGroup;
			children = (
				400DC06D2A839422000349E3 /* WhenIChanged */,
				400DC07E2A839425000349E3 /* WhenIChangedTests */,
				400DC0882A839425000349E3 /* WhenIChangedUITests */,
				400DC06C2A839422000349E3 /* Products */,
			);
			sourceTree = "<group>";
		};
		400DC06C2A839422000349E3 /* Products */ = {
			isa = PBXGroup;
			children = (
				400DC06B2A839422000349E3 /* WhenIChanged.app */,
				400DC07B2A839425000349E3 /* WhenIChangedTests.xctest */,
				400DC0852A839425000349E3 /* WhenIChangedUITests.xctest */,
			);
			name = Products;
			sourceTree = "<group>";
		};
		400DC06D2A839422000349E3 /* WhenIChanged */ = {
			isa = PBXGroup;
			children = (
				40932D892B04B95E00F44929 /* Extension */,
				40FA54F02AFD0276000B0E83 /* Helpers */,
				401D1D132A84210700F6CA1F /* Model */,
				400DC09F2A8399B3000349E3 /* Components */,
				400DC0982A839655000349E3 /* Screens */,
				400DC0722A839424000349E3 /* Assets.xcassets */,
				400DC06E2A839422000349E3 /* WhenIChangedApp.swift */,
				400DC0702A839422000349E3 /* ContentView.swift */,
				400DC0742A839424000349E3 /* Preview Content */,
			);
			path = WhenIChanged;
			sourceTree = "<group>";
		};
		400DC0742A839424000349E3 /* Preview Content */ = {
			isa = PBXGroup;
			children = (
				400DC0752A839424000349E3 /* Preview Assets.xcassets */,
			);
			path = "Preview Content";
			sourceTree = "<group>";
		};
		400DC07E2A839425000349E3 /* WhenIChangedTests */ = {
			isa = PBXGroup;
			children = (
				400DC07F2A839425000349E3 /* WhenIChangedTests.swift */,
			);
			path = WhenIChangedTests;
			sourceTree = "<group>";
		};
		400DC0882A839425000349E3 /* WhenIChangedUITests */ = {
			isa = PBXGroup;
			children = (
				400DC0892A839425000349E3 /* WhenIChangedUITests.swift */,
				400DC08B2A839425000349E3 /* WhenIChangedUITestsLaunchTests.swift */,
			);
			path = WhenIChangedUITests;
			sourceTree = "<group>";
		};
		400DC0982A839655000349E3 /* Screens */ = {
			isa = PBXGroup;
			children = (
				40D211DD2B0127570054A8B8 /* ActiveHabit */,
				40A79AF72AFBB83F006A56F5 /* PassivHabit */,
				400DC09D2A8398E6000349E3 /* SettingsView.swift */,
			);
			path = Screens;
			sourceTree = "<group>";
		};
		400DC09F2A8399B3000349E3 /* Components */ = {
			isa = PBXGroup;
			children = (
				408CAA032B20797A007A0957 /* Calendar */,
				400DC0A02A8399E0000349E3 /* Card.swift */,
				40CD3FF52B04032E00DA3780 /* ToolbarAddHabitButton.swift */,
				407198CB2B1DE66C00C095BD /* RoundProgressBar.swift */,
				40DD88DE2B1F1EC1001A515A /* DateScrollView.swift */,
			);
			path = Components;
			sourceTree = "<group>";
		};
		401D1D132A84210700F6CA1F /* Model */ = {
			isa = PBXGroup;
			children = (
				40FA54E32AFCDFF7000B0E83 /* StorageProvider.swift */,
				40FA54E02AFCDFC6000B0E83 /* Model.xcdatamodeld */,
			);
			path = Model;
			sourceTree = "<group>";
		};
		408CAA032B20797A007A0957 /* Calendar */ = {
			isa = PBXGroup;
			children = (
				408CAA042B20799C007A0957 /* CalendarView.swift */,
				408CAA062B207A0E007A0957 /* CalendarCell.swift */,
				408CAA082B207A35007A0957 /* MonthStruct.swift */,
			);
			path = Calendar;
			sourceTree = "<group>";
		};
		40932D892B04B95E00F44929 /* Extension */ = {
			isa = PBXGroup;
			children = (
				40932D8A2B04B9EA00F44929 /* View+Ext.swift */,
			);
			path = Extension;
			sourceTree = "<group>";
		};
		40A79AF72AFBB83F006A56F5 /* PassivHabit */ = {
			isa = PBXGroup;
			children = (
				40EBD0B92B037858000F4C12 /* AddPassivHabit */,
				40EBD0B82B037828000F4C12 /* PassivHabitEditAndDetail */,
				40EBD0B72B037157000F4C12 /* HomePassivHabit */,
			);
			path = PassivHabit;
			sourceTree = "<group>";
		};
		40D211DD2B0127570054A8B8 /* ActiveHabit */ = {
			isa = PBXGroup;
			children = (
				40D211DE2B0127710054A8B8 /* ActiveHabitView.swift */,
				402A1F332B0E24A700678C3A /* ActiveHabitViewModel.swift */,
				40EBD0B52B036889000F4C12 /* ActiveHabitAddView.swift */,
				40B819432B060D610014A8DF /* AddWeekReminderView.swift */,
				406E084F2B06362600BCB4EE /* AddDayReminderView.swift */,
				402A1F352B0E4EC600678C3A /* ActiveHabitDetailView.swift */,
			);
			path = ActiveHabit;
			sourceTree = "<group>";
		};
		40EBD0B72B037157000F4C12 /* HomePassivHabit */ = {
			isa = PBXGroup;
			children = (
				40A79AFA2AFBBA67006A56F5 /* HomePassivHabitView.swift */,
				40A79AFE2AFBEC65006A56F5 /* PassivViewModel.swift */,
			);
			path = HomePassivHabit;
			sourceTree = "<group>";
		};
		40EBD0B82B037828000F4C12 /* PassivHabitEditAndDetail */ = {
			isa = PBXGroup;
			children = (
				4038B9972A84DA0D008E17C7 /* PassivDetailAndEditView.swift */,
				40EBD0BA2B03791A000F4C12 /* PassivDetailAndEditViewModel.swift */,
				40EBD0BC2B039192000F4C12 /* PastResetsView.swift */,
			);
			path = PassivHabitEditAndDetail;
			sourceTree = "<group>";
		};
		40EBD0B92B037858000F4C12 /* AddPassivHabit */ = {
			isa = PBXGroup;
			children = (
				40A79AFC2AFBC241006A56F5 /* PassivHabitAddView.swift */,
			);
			path = AddPassivHabit;
			sourceTree = "<group>";
		};
		40FA54F02AFD0276000B0E83 /* Helpers */ = {
			isa = PBXGroup;
			children = (
				40FA54F12AFD0288000B0E83 /* ColorHelper.swift */,
				40C32C6C2AFD1677003F9637 /* PassivHabit-CoreDataHelper.swift */,
				40A3DD512AFE40E200F32C66 /* PastRestes-CoreDataHelper.swift */,
				406E08512B066F9200BCB4EE /* ActiveHabit-CoreDataHelper.swift */,
				40A3DD532AFE4D6300F32C66 /* DateHelper.swift */,
				408CAA0A2B207A86007A0957 /* CalendarHelper.swift */,
				4023230B2B28C872009938E3 /* DevHelper.swift */,
			);
			path = Helpers;
			sourceTree = "<group>";
		};
/* End PBXGroup section */

/* Begin PBXNativeTarget section */
		400DC06A2A839422000349E3 /* WhenIChanged */ = {
			isa = PBXNativeTarget;
			buildConfigurationList = 400DC08F2A839425000349E3 /* Build configuration list for PBXNativeTarget "WhenIChanged" */;
			buildPhases = (
				400DC0672A839422000349E3 /* Sources */,
				400DC0682A839422000349E3 /* Frameworks */,
				400DC0692A839422000349E3 /* Resources */,
				40EBD0BE2B0397DB000F4C12 /* ShellScript */,
				40EBD0BF2B03997D000F4C12 /* ShellScript */,
			);
			buildRules = (
			);
			dependencies = (
			);
			name = WhenIChanged;
			productName = WhenIChanged;
			productReference = 400DC06B2A839422000349E3 /* WhenIChanged.app */;
			productType = "com.apple.product-type.application";
		};
		400DC07A2A839425000349E3 /* WhenIChangedTests */ = {
			isa = PBXNativeTarget;
			buildConfigurationList = 400DC0922A839425000349E3 /* Build configuration list for PBXNativeTarget "WhenIChangedTests" */;
			buildPhases = (
				400DC0772A839425000349E3 /* Sources */,
				400DC0782A839425000349E3 /* Frameworks */,
				400DC0792A839425000349E3 /* Resources */,
			);
			buildRules = (
			);
			dependencies = (
				400DC07D2A839425000349E3 /* PBXTargetDependency */,
			);
			name = WhenIChangedTests;
			productName = WhenIChangedTests;
			productReference = 400DC07B2A839425000349E3 /* WhenIChangedTests.xctest */;
			productType = "com.apple.product-type.bundle.unit-test";
		};
		400DC0842A839425000349E3 /* WhenIChangedUITests */ = {
			isa = PBXNativeTarget;
			buildConfigurationList = 400DC0952A839425000349E3 /* Build configuration list for PBXNativeTarget "WhenIChangedUITests" */;
			buildPhases = (
				400DC0812A839425000349E3 /* Sources */,
				400DC0822A839425000349E3 /* Frameworks */,
				400DC0832A839425000349E3 /* Resources */,
			);
			buildRules = (
			);
			dependencies = (
				400DC0872A839425000349E3 /* PBXTargetDependency */,
			);
			name = WhenIChangedUITests;
			productName = WhenIChangedUITests;
			productReference = 400DC0852A839425000349E3 /* WhenIChangedUITests.xctest */;
			productType = "com.apple.product-type.bundle.ui-testing";
		};
/* End PBXNativeTarget section */

/* Begin PBXProject section */
		400DC0632A839422000349E3 /* Project object */ = {
			isa = PBXProject;
			attributes = {
				BuildIndependentTargetsInParallel = 1;
				LastSwiftUpdateCheck = 1420;
				LastUpgradeCheck = 1500;
				TargetAttributes = {
					400DC06A2A839422000349E3 = {
						CreatedOnToolsVersion = 14.2;
					};
					400DC07A2A839425000349E3 = {
						CreatedOnToolsVersion = 14.2;
						TestTargetID = 400DC06A2A839422000349E3;
					};
					400DC0842A839425000349E3 = {
						CreatedOnToolsVersion = 14.2;
						TestTargetID = 400DC06A2A839422000349E3;
					};
				};
			};
			buildConfigurationList = 400DC0662A839422000349E3 /* Build configuration list for PBXProject "WhenIChanged" */;
			compatibilityVersion = "Xcode 14.0";
			developmentRegion = en;
			hasScannedForEncodings = 0;
			knownRegions = (
				en,
				Base,
			);
			mainGroup = 400DC0622A839422000349E3;
			productRefGroup = 400DC06C2A839422000349E3 /* Products */;
			projectDirPath = "";
			projectRoot = "";
			targets = (
				400DC06A2A839422000349E3 /* WhenIChanged */,
				400DC07A2A839425000349E3 /* WhenIChangedTests */,
				400DC0842A839425000349E3 /* WhenIChangedUITests */,
			);
		};
/* End PBXProject section */

/* Begin PBXResourcesBuildPhase section */
		400DC0692A839422000349E3 /* Resources */ = {
			isa = PBXResourcesBuildPhase;
			buildActionMask = 2147483647;
			files = (
				400DC0762A839424000349E3 /* Preview Assets.xcassets in Resources */,
				400DC0732A839424000349E3 /* Assets.xcassets in Resources */,
			);
			runOnlyForDeploymentPostprocessing = 0;
		};
		400DC0792A839425000349E3 /* Resources */ = {
			isa = PBXResourcesBuildPhase;
			buildActionMask = 2147483647;
			files = (
			);
			runOnlyForDeploymentPostprocessing = 0;
		};
		400DC0832A839425000349E3 /* Resources */ = {
			isa = PBXResourcesBuildPhase;
			buildActionMask = 2147483647;
			files = (
			);
			runOnlyForDeploymentPostprocessing = 0;
		};
/* End PBXResourcesBuildPhase section */

/* Begin PBXShellScriptBuildPhase section */
		40EBD0BE2B0397DB000F4C12 /* ShellScript */ = {
			isa = PBXShellScriptBuildPhase;
			alwaysOutOfDate = 1;
			buildActionMask = 2147483647;
			files = (
			);
			inputFileListPaths = (
			);
			inputPaths = (
			);
			outputFileListPaths = (
			);
			outputPaths = (
			);
			runOnlyForDeploymentPostprocessing = 0;
			shellPath = /bin/sh;
			shellScript = "TAGS=\"TODO:|FIXME:\"\nERRORTAG=\"ERROR:\"\nfind \"${SRCROOT}\" \\( -name \"*.h\" -or -name \"*.m\" -or -name \"*.swift\" \\) -print0 | xargs -0 egrep --with-filename --line-number --only-matching \"($TAGS).*\\$|($ERRORTAG).*\\$\" | perl -p -e \"s/($TAGS)/ warning: \\$1/\" | perl -p -e \"s/($ERRORTAG)/ error: \\$1/\"\n";
		};
		40EBD0BF2B03997D000F4C12 /* ShellScript */ = {
			isa = PBXShellScriptBuildPhase;
			alwaysOutOfDate = 1;
			buildActionMask = 2147483647;
			files = (
			);
			inputFileListPaths = (
			);
			inputPaths = (
			);
			outputFileListPaths = (
			);
			outputPaths = (
			);
			runOnlyForDeploymentPostprocessing = 0;
			shellPath = /bin/sh;
			shellScript = "TAGS=\"TODO:|FIXME:\"\necho \"searching ${SRCROOT} for ${TAGS}\"\n";
		};
/* End PBXShellScriptBuildPhase section */

/* Begin PBXSourcesBuildPhase section */
		400DC0672A839422000349E3 /* Sources */ = {
			isa = PBXSourcesBuildPhase;
			buildActionMask = 2147483647;
			files = (
				40EBD0B62B036889000F4C12 /* ActiveHabitAddView.swift in Sources */,
				40A79AFD2AFBC241006A56F5 /* PassivHabitAddView.swift in Sources */,
				40FA54F22AFD0288000B0E83 /* ColorHelper.swift in Sources */,
				40C32C6D2AFD1677003F9637 /* PassivHabit-CoreDataHelper.swift in Sources */,
				40A79AFB2AFBBA67006A56F5 /* HomePassivHabitView.swift in Sources */,
				4038B9982A84DA0D008E17C7 /* PassivDetailAndEditView.swift in Sources */,
				408CAA072B207A0E007A0957 /* CalendarCell.swift in Sources */,
				406E08522B066F9200BCB4EE /* ActiveHabit-CoreDataHelper.swift in Sources */,
				408CAA052B20799C007A0957 /* CalendarView.swift in Sources */,
				4023230C2B28C873009938E3 /* DevHelper.swift in Sources */,
				40A3DD522AFE40E200F32C66 /* PastRestes-CoreDataHelper.swift in Sources */,
				400DC09E2A8398E6000349E3 /* SettingsView.swift in Sources */,
				400DC0A12A8399E0000349E3 /* Card.swift in Sources */,
				40FA54E42AFCDFF7000B0E83 /* StorageProvider.swift in Sources */,
				40D211DF2B0127710054A8B8 /* ActiveHabitView.swift in Sources */,
				407198CC2B1DE66C00C095BD /* RoundProgressBar.swift in Sources */,
				40A79AFF2AFBEC65006A56F5 /* PassivViewModel.swift in Sources */,
				400DC0712A839422000349E3 /* ContentView.swift in Sources */,
				40932D8B2B04B9EA00F44929 /* View+Ext.swift in Sources */,
				40A3DD542AFE4D6300F32C66 /* DateHelper.swift in Sources */,
				40EBD0BB2B03791A000F4C12 /* PassivDetailAndEditViewModel.swift in Sources */,
				40DD88DF2B1F1EC1001A515A /* DateScrollView.swift in Sources */,
				408CAA0B2B207A86007A0957 /* CalendarHelper.swift in Sources */,
				406E08502B06362600BCB4EE /* AddDayReminderView.swift in Sources */,
				40EBD0BD2B039192000F4C12 /* PastResetsView.swift in Sources */,
				408CAA092B207A35007A0957 /* MonthStruct.swift in Sources */,
				402A1F362B0E4EC600678C3A /* ActiveHabitDetailView.swift in Sources */,
				40B819442B060D610014A8DF /* AddWeekReminderView.swift in Sources */,
				40FA54E22AFCDFC6000B0E83 /* Model.xcdatamodeld in Sources */,
				40CD3FF62B04032E00DA3780 /* ToolbarAddHabitButton.swift in Sources */,
				402A1F342B0E24A700678C3A /* ActiveHabitViewModel.swift in Sources */,
				400DC06F2A839422000349E3 /* WhenIChangedApp.swift in Sources */,
			);
			runOnlyForDeploymentPostprocessing = 0;
		};
		400DC0772A839425000349E3 /* Sources */ = {
			isa = PBXSourcesBuildPhase;
			buildActionMask = 2147483647;
			files = (
				400DC0802A839425000349E3 /* WhenIChangedTests.swift in Sources */,
			);
			runOnlyForDeploymentPostprocessing = 0;
		};
		400DC0812A839425000349E3 /* Sources */ = {
			isa = PBXSourcesBuildPhase;
			buildActionMask = 2147483647;
			files = (
				400DC08A2A839425000349E3 /* WhenIChangedUITests.swift in Sources */,
				400DC08C2A839425000349E3 /* WhenIChangedUITestsLaunchTests.swift in Sources */,
			);
			runOnlyForDeploymentPostprocessing = 0;
		};
/* End PBXSourcesBuildPhase section */

/* Begin PBXTargetDependency section */
		400DC07D2A839425000349E3 /* PBXTargetDependency */ = {
			isa = PBXTargetDependency;
			target = 400DC06A2A839422000349E3 /* WhenIChanged */;
			targetProxy = 400DC07C2A839425000349E3 /* PBXContainerItemProxy */;
		};
		400DC0872A839425000349E3 /* PBXTargetDependency */ = {
			isa = PBXTargetDependency;
			target = 400DC06A2A839422000349E3 /* WhenIChanged */;
			targetProxy = 400DC0862A839425000349E3 /* PBXContainerItemProxy */;
		};
/* End PBXTargetDependency section */

/* Begin XCBuildConfiguration section */
		400DC08D2A839425000349E3 /* Debug */ = {
			isa = XCBuildConfiguration;
			buildSettings = {
				ALWAYS_SEARCH_USER_PATHS = NO;
				CLANG_ANALYZER_NONNULL = YES;
				CLANG_ANALYZER_NUMBER_OBJECT_CONVERSION = YES_AGGRESSIVE;
				CLANG_CXX_LANGUAGE_STANDARD = "gnu++20";
				CLANG_ENABLE_MODULES = YES;
				CLANG_ENABLE_OBJC_ARC = YES;
				CLANG_ENABLE_OBJC_WEAK = YES;
				CLANG_WARN_BLOCK_CAPTURE_AUTORELEASING = YES;
				CLANG_WARN_BOOL_CONVERSION = YES;
				CLANG_WARN_COMMA = YES;
				CLANG_WARN_CONSTANT_CONVERSION = YES;
				CLANG_WARN_DEPRECATED_OBJC_IMPLEMENTATIONS = YES;
				CLANG_WARN_DIRECT_OBJC_ISA_USAGE = YES_ERROR;
				CLANG_WARN_DOCUMENTATION_COMMENTS = YES;
				CLANG_WARN_EMPTY_BODY = YES;
				CLANG_WARN_ENUM_CONVERSION = YES;
				CLANG_WARN_INFINITE_RECURSION = YES;
				CLANG_WARN_INT_CONVERSION = YES;
				CLANG_WARN_NON_LITERAL_NULL_CONVERSION = YES;
				CLANG_WARN_OBJC_IMPLICIT_RETAIN_SELF = YES;
				CLANG_WARN_OBJC_LITERAL_CONVERSION = YES;
				CLANG_WARN_OBJC_ROOT_CLASS = YES_ERROR;
				CLANG_WARN_QUOTED_INCLUDE_IN_FRAMEWORK_HEADER = YES;
				CLANG_WARN_RANGE_LOOP_ANALYSIS = YES;
				CLANG_WARN_STRICT_PROTOTYPES = YES;
				CLANG_WARN_SUSPICIOUS_MOVE = YES;
				CLANG_WARN_UNGUARDED_AVAILABILITY = YES_AGGRESSIVE;
				CLANG_WARN_UNREACHABLE_CODE = YES;
				CLANG_WARN__DUPLICATE_METHOD_MATCH = YES;
				COPY_PHASE_STRIP = NO;
				DEBUG_INFORMATION_FORMAT = dwarf;
				ENABLE_STRICT_OBJC_MSGSEND = YES;
				ENABLE_TESTABILITY = YES;
				ENABLE_USER_SCRIPT_SANDBOXING = YES;
				GCC_C_LANGUAGE_STANDARD = gnu11;
				GCC_DYNAMIC_NO_PIC = NO;
				GCC_NO_COMMON_BLOCKS = YES;
				GCC_OPTIMIZATION_LEVEL = 0;
				GCC_PREPROCESSOR_DEFINITIONS = (
					"DEBUG=1",
					"$(inherited)",
				);
				GCC_WARN_64_TO_32_BIT_CONVERSION = YES;
				GCC_WARN_ABOUT_RETURN_TYPE = YES_ERROR;
				GCC_WARN_UNDECLARED_SELECTOR = YES;
				GCC_WARN_UNINITIALIZED_AUTOS = YES_AGGRESSIVE;
				GCC_WARN_UNUSED_FUNCTION = YES;
				GCC_WARN_UNUSED_VARIABLE = YES;
				IPHONEOS_DEPLOYMENT_TARGET = 16.2;
				MTL_ENABLE_DEBUG_INFO = INCLUDE_SOURCE;
				MTL_FAST_MATH = YES;
				ONLY_ACTIVE_ARCH = YES;
				SDKROOT = iphoneos;
				SWIFT_ACTIVE_COMPILATION_CONDITIONS = DEBUG;
				SWIFT_OPTIMIZATION_LEVEL = "-Onone";
			};
			name = Debug;
		};
		400DC08E2A839425000349E3 /* Release */ = {
			isa = XCBuildConfiguration;
			buildSettings = {
				ALWAYS_SEARCH_USER_PATHS = NO;
				CLANG_ANALYZER_NONNULL = YES;
				CLANG_ANALYZER_NUMBER_OBJECT_CONVERSION = YES_AGGRESSIVE;
				CLANG_CXX_LANGUAGE_STANDARD = "gnu++20";
				CLANG_ENABLE_MODULES = YES;
				CLANG_ENABLE_OBJC_ARC = YES;
				CLANG_ENABLE_OBJC_WEAK = YES;
				CLANG_WARN_BLOCK_CAPTURE_AUTORELEASING = YES;
				CLANG_WARN_BOOL_CONVERSION = YES;
				CLANG_WARN_COMMA = YES;
				CLANG_WARN_CONSTANT_CONVERSION = YES;
				CLANG_WARN_DEPRECATED_OBJC_IMPLEMENTATIONS = YES;
				CLANG_WARN_DIRECT_OBJC_ISA_USAGE = YES_ERROR;
				CLANG_WARN_DOCUMENTATION_COMMENTS = YES;
				CLANG_WARN_EMPTY_BODY = YES;
				CLANG_WARN_ENUM_CONVERSION = YES;
				CLANG_WARN_INFINITE_RECURSION = YES;
				CLANG_WARN_INT_CONVERSION = YES;
				CLANG_WARN_NON_LITERAL_NULL_CONVERSION = YES;
				CLANG_WARN_OBJC_IMPLICIT_RETAIN_SELF = YES;
				CLANG_WARN_OBJC_LITERAL_CONVERSION = YES;
				CLANG_WARN_OBJC_ROOT_CLASS = YES_ERROR;
				CLANG_WARN_QUOTED_INCLUDE_IN_FRAMEWORK_HEADER = YES;
				CLANG_WARN_RANGE_LOOP_ANALYSIS = YES;
				CLANG_WARN_STRICT_PROTOTYPES = YES;
				CLANG_WARN_SUSPICIOUS_MOVE = YES;
				CLANG_WARN_UNGUARDED_AVAILABILITY = YES_AGGRESSIVE;
				CLANG_WARN_UNREACHABLE_CODE = YES;
				CLANG_WARN__DUPLICATE_METHOD_MATCH = YES;
				COPY_PHASE_STRIP = NO;
				DEBUG_INFORMATION_FORMAT = "dwarf-with-dsym";
				ENABLE_NS_ASSERTIONS = NO;
				ENABLE_STRICT_OBJC_MSGSEND = YES;
				ENABLE_USER_SCRIPT_SANDBOXING = YES;
				GCC_C_LANGUAGE_STANDARD = gnu11;
				GCC_NO_COMMON_BLOCKS = YES;
				GCC_WARN_64_TO_32_BIT_CONVERSION = YES;
				GCC_WARN_ABOUT_RETURN_TYPE = YES_ERROR;
				GCC_WARN_UNDECLARED_SELECTOR = YES;
				GCC_WARN_UNINITIALIZED_AUTOS = YES_AGGRESSIVE;
				GCC_WARN_UNUSED_FUNCTION = YES;
				GCC_WARN_UNUSED_VARIABLE = YES;
				IPHONEOS_DEPLOYMENT_TARGET = 16.2;
				MTL_ENABLE_DEBUG_INFO = NO;
				MTL_FAST_MATH = YES;
				SDKROOT = iphoneos;
				SWIFT_COMPILATION_MODE = wholemodule;
				SWIFT_OPTIMIZATION_LEVEL = "-O";
				VALIDATE_PRODUCT = YES;
			};
			name = Release;
		};
		400DC0902A839425000349E3 /* Debug */ = {
			isa = XCBuildConfiguration;
			buildSettings = {
				ASSETCATALOG_COMPILER_APPICON_NAME = AppIcon;
				ASSETCATALOG_COMPILER_GLOBAL_ACCENT_COLOR_NAME = AccentColor;
				CODE_SIGN_STYLE = Automatic;
				CURRENT_PROJECT_VERSION = 1;
				DEVELOPMENT_ASSET_PATHS = "\"WhenIChanged/Preview Content\"";
				DEVELOPMENT_TEAM = M7D3GWZL49;
				ENABLE_PREVIEWS = YES;
				GENERATE_INFOPLIST_FILE = YES;
				INFOPLIST_KEY_UIApplicationSceneManifest_Generation = YES;
				INFOPLIST_KEY_UIApplicationSupportsIndirectInputEvents = YES;
				INFOPLIST_KEY_UILaunchScreen_Generation = YES;
				INFOPLIST_KEY_UISupportedInterfaceOrientations = UIInterfaceOrientationPortrait;
				INFOPLIST_KEY_UISupportedInterfaceOrientations_iPad = "UIInterfaceOrientationLandscapeLeft UIInterfaceOrientationLandscapeRight UIInterfaceOrientationPortrait UIInterfaceOrientationPortraitUpsideDown";
				LD_RUNPATH_SEARCH_PATHS = (
					"$(inherited)",
					"@executable_path/Frameworks",
				);
				MARKETING_VERSION = 1.0;
				PRODUCT_BUNDLE_IDENTIFIER = com.joelstorr.WhenIChanged;
				PRODUCT_NAME = "$(TARGET_NAME)";
				SWIFT_EMIT_LOC_STRINGS = YES;
				SWIFT_VERSION = 5.0;
				TARGETED_DEVICE_FAMILY = "1,2";
			};
			name = Debug;
		};
		400DC0912A839425000349E3 /* Release */ = {
			isa = XCBuildConfiguration;
			buildSettings = {
				ASSETCATALOG_COMPILER_APPICON_NAME = AppIcon;
				ASSETCATALOG_COMPILER_GLOBAL_ACCENT_COLOR_NAME = AccentColor;
				CODE_SIGN_STYLE = Automatic;
				CURRENT_PROJECT_VERSION = 1;
				DEVELOPMENT_ASSET_PATHS = "\"WhenIChanged/Preview Content\"";
				DEVELOPMENT_TEAM = M7D3GWZL49;
				ENABLE_PREVIEWS = YES;
				GENERATE_INFOPLIST_FILE = YES;
				INFOPLIST_KEY_UIApplicationSceneManifest_Generation = YES;
				INFOPLIST_KEY_UIApplicationSupportsIndirectInputEvents = YES;
				INFOPLIST_KEY_UILaunchScreen_Generation = YES;
				INFOPLIST_KEY_UISupportedInterfaceOrientations = UIInterfaceOrientationPortrait;
				INFOPLIST_KEY_UISupportedInterfaceOrientations_iPad = "UIInterfaceOrientationLandscapeLeft UIInterfaceOrientationLandscapeRight UIInterfaceOrientationPortrait UIInterfaceOrientationPortraitUpsideDown";
				LD_RUNPATH_SEARCH_PATHS = (
					"$(inherited)",
					"@executable_path/Frameworks",
				);
				MARKETING_VERSION = 1.0;
				PRODUCT_BUNDLE_IDENTIFIER = com.joelstorr.WhenIChanged;
				PRODUCT_NAME = "$(TARGET_NAME)";
				SWIFT_EMIT_LOC_STRINGS = YES;
				SWIFT_VERSION = 5.0;
				TARGETED_DEVICE_FAMILY = "1,2";
			};
			name = Release;
		};
		400DC0932A839425000349E3 /* Debug */ = {
			isa = XCBuildConfiguration;
			buildSettings = {
				ALWAYS_EMBED_SWIFT_STANDARD_LIBRARIES = YES;
				BUNDLE_LOADER = "$(TEST_HOST)";
				CODE_SIGN_STYLE = Automatic;
				CURRENT_PROJECT_VERSION = 1;
				DEVELOPMENT_TEAM = M7D3GWZL49;
				GENERATE_INFOPLIST_FILE = YES;
				IPHONEOS_DEPLOYMENT_TARGET = 16.2;
				MARKETING_VERSION = 1.0;
				PRODUCT_BUNDLE_IDENTIFIER = com.joelstorr.WhenIChangedTests;
				PRODUCT_NAME = "$(TARGET_NAME)";
				SWIFT_EMIT_LOC_STRINGS = NO;
				SWIFT_VERSION = 5.0;
				TARGETED_DEVICE_FAMILY = "1,2";
				TEST_HOST = "$(BUILT_PRODUCTS_DIR)/WhenIChanged.app/$(BUNDLE_EXECUTABLE_FOLDER_PATH)/WhenIChanged";
			};
			name = Debug;
		};
		400DC0942A839425000349E3 /* Release */ = {
			isa = XCBuildConfiguration;
			buildSettings = {
				ALWAYS_EMBED_SWIFT_STANDARD_LIBRARIES = YES;
				BUNDLE_LOADER = "$(TEST_HOST)";
				CODE_SIGN_STYLE = Automatic;
				CURRENT_PROJECT_VERSION = 1;
				DEVELOPMENT_TEAM = M7D3GWZL49;
				GENERATE_INFOPLIST_FILE = YES;
				IPHONEOS_DEPLOYMENT_TARGET = 16.2;
				MARKETING_VERSION = 1.0;
				PRODUCT_BUNDLE_IDENTIFIER = com.joelstorr.WhenIChangedTests;
				PRODUCT_NAME = "$(TARGET_NAME)";
				SWIFT_EMIT_LOC_STRINGS = NO;
				SWIFT_VERSION = 5.0;
				TARGETED_DEVICE_FAMILY = "1,2";
				TEST_HOST = "$(BUILT_PRODUCTS_DIR)/WhenIChanged.app/$(BUNDLE_EXECUTABLE_FOLDER_PATH)/WhenIChanged";
			};
			name = Release;
		};
		400DC0962A839425000349E3 /* Debug */ = {
			isa = XCBuildConfiguration;
			buildSettings = {
				ALWAYS_EMBED_SWIFT_STANDARD_LIBRARIES = YES;
				CODE_SIGN_STYLE = Automatic;
				CURRENT_PROJECT_VERSION = 1;
				DEVELOPMENT_TEAM = M7D3GWZL49;
				GENERATE_INFOPLIST_FILE = YES;
				MARKETING_VERSION = 1.0;
				PRODUCT_BUNDLE_IDENTIFIER = com.joelstorr.WhenIChangedUITests;
				PRODUCT_NAME = "$(TARGET_NAME)";
				SWIFT_EMIT_LOC_STRINGS = NO;
				SWIFT_VERSION = 5.0;
				TARGETED_DEVICE_FAMILY = "1,2";
				TEST_TARGET_NAME = WhenIChanged;
			};
			name = Debug;
		};
		400DC0972A839425000349E3 /* Release */ = {
			isa = XCBuildConfiguration;
			buildSettings = {
				ALWAYS_EMBED_SWIFT_STANDARD_LIBRARIES = YES;
				CODE_SIGN_STYLE = Automatic;
				CURRENT_PROJECT_VERSION = 1;
				DEVELOPMENT_TEAM = M7D3GWZL49;
				GENERATE_INFOPLIST_FILE = YES;
				MARKETING_VERSION = 1.0;
				PRODUCT_BUNDLE_IDENTIFIER = com.joelstorr.WhenIChangedUITests;
				PRODUCT_NAME = "$(TARGET_NAME)";
				SWIFT_EMIT_LOC_STRINGS = NO;
				SWIFT_VERSION = 5.0;
				TARGETED_DEVICE_FAMILY = "1,2";
				TEST_TARGET_NAME = WhenIChanged;
			};
			name = Release;
		};
/* End XCBuildConfiguration section */

/* Begin XCConfigurationList section */
		400DC0662A839422000349E3 /* Build configuration list for PBXProject "WhenIChanged" */ = {
			isa = XCConfigurationList;
			buildConfigurations = (
				400DC08D2A839425000349E3 /* Debug */,
				400DC08E2A839425000349E3 /* Release */,
			);
			defaultConfigurationIsVisible = 0;
			defaultConfigurationName = Release;
		};
		400DC08F2A839425000349E3 /* Build configuration list for PBXNativeTarget "WhenIChanged" */ = {
			isa = XCConfigurationList;
			buildConfigurations = (
				400DC0902A839425000349E3 /* Debug */,
				400DC0912A839425000349E3 /* Release */,
			);
			defaultConfigurationIsVisible = 0;
			defaultConfigurationName = Release;
		};
		400DC0922A839425000349E3 /* Build configuration list for PBXNativeTarget "WhenIChangedTests" */ = {
			isa = XCConfigurationList;
			buildConfigurations = (
				400DC0932A839425000349E3 /* Debug */,
				400DC0942A839425000349E3 /* Release */,
			);
			defaultConfigurationIsVisible = 0;
			defaultConfigurationName = Release;
		};
		400DC0952A839425000349E3 /* Build configuration list for PBXNativeTarget "WhenIChangedUITests" */ = {
			isa = XCConfigurationList;
			buildConfigurations = (
				400DC0962A839425000349E3 /* Debug */,
				400DC0972A839425000349E3 /* Release */,
			);
			defaultConfigurationIsVisible = 0;
			defaultConfigurationName = Release;
		};
/* End XCConfigurationList section */

/* Begin XCVersionGroup section */
		40FA54E02AFCDFC6000B0E83 /* Model.xcdatamodeld */ = {
			isa = XCVersionGroup;
			children = (
				40FA54E12AFCDFC6000B0E83 /* Model.xcdatamodel */,
			);
			currentVersion = 40FA54E12AFCDFC6000B0E83 /* Model.xcdatamodel */;
			path = Model.xcdatamodeld;
			sourceTree = "<group>";
			versionGroupType = wrapper.xcdatamodel;
		};
/* End XCVersionGroup section */
	};
	rootObject = 400DC0632A839422000349E3 /* Project object */;
}
